
Microsoft Visual Studio Solution File, Format Version 12.00
# Visual Studio Version 16
VisualStudioVersion = 16.0.31624.102
MinimumVisualStudioVersion = 10.0.40219.1
Project("{FAE04EC0-301F-11D3-BF4B-00C04F79EFBC}") = "prjExer2Xiong", "prjExer2Xiong\prjExer2Xiong.csproj", "{F0FCB207-6D84-482A-8CD8-21581652A6CB}"
EndProject
Global
	GlobalSection(SolutionConfigurationPlatforms) = preSolution
		Debug|Any CPU = Debug|Any CPU
		Release|Any CPU = Release|Any CPU
	EndGlobalSection
	GlobalSection(ProjectConfigurationPlatforms) = postSolution
		{F0FCB207-6D84-482A-8CD8-21581652A6CB}.Debug|Any CPU.ActiveCfg = Debug|Any CPU
		{F0FCB207-6D84-482A-8CD8-21581652A6CB}.Debug|Any CPU.Build.0 = Debug|Any CPU
		{F0FCB207-6D84-482A-8CD8-21581652A6CB}.Release|Any CPU.ActiveCfg = Release|Any CPU
		{F0FCB207-6D84-482A-8CD8-21581652A6CB}.Release|Any CPU.Build.0 = Release|Any CPU
	EndGlobalSection
	GlobalSection(SolutionProperties) = preSolution
		HideSolutionNode = FALSE
	EndGlobalSection
	GlobalSection(ExtensibilityGlobals) = postSolution
		SolutionGuid = {364EDDBE-FE1D-42E1-B490-019105E66921}
	EndGlobalSection
EndGlobal
