
Microsoft Visual Studio Solution File, Format Version 12.00
# Visual Studio Version 16
VisualStudioVersion = 16.0.31624.102
MinimumVisualStudioVersion = 10.0.40219.1
Project("{FAE04EC0-301F-11D3-BF4B-00C04F79EFBC}") = "prjExer4Xiong", "prjExer4Xiong\prjExer4Xiong.csproj", "{5E8E2F5E-36B4-4C47-8C05-91F4D15824EB}"
EndProject
Global
	GlobalSection(SolutionConfigurationPlatforms) = preSolution
		Debug|Any CPU = Debug|Any CPU
		Release|Any CPU = Release|Any CPU
	EndGlobalSection
	GlobalSection(ProjectConfigurationPlatforms) = postSolution
		{5E8E2F5E-36B4-4C47-8C05-91F4D15824EB}.Debug|Any CPU.ActiveCfg = Debug|Any CPU
		{5E8E2F5E-36B4-4C47-8C05-91F4D15824EB}.Debug|Any CPU.Build.0 = Debug|Any CPU
		{5E8E2F5E-36B4-4C47-8C05-91F4D15824EB}.Release|Any CPU.ActiveCfg = Release|Any CPU
		{5E8E2F5E-36B4-4C47-8C05-91F4D15824EB}.Release|Any CPU.Build.0 = Release|Any CPU
	EndGlobalSection
	GlobalSection(SolutionProperties) = preSolution
		HideSolutionNode = FALSE
	EndGlobalSection
	GlobalSection(ExtensibilityGlobals) = postSolution
		SolutionGuid = {8E21BEA1-0FF1-40E7-81B7-A1D3A66BFCF8}
	EndGlobalSection
EndGlobal
