
Microsoft Visual Studio Solution File, Format Version 12.00
# Visual Studio Version 16
VisualStudioVersion = 16.0.31624.102
MinimumVisualStudioVersion = 10.0.40219.1
Project("{FAE04EC0-301F-11D3-BF4B-00C04F79EFBC}") = "prjComparePopulation", "prjComparePopulation\prjComparePopulation.csproj", "{DEA647F8-3C22-4DFC-8781-752850EEB1B7}"
EndProject
Global
	GlobalSection(SolutionConfigurationPlatforms) = preSolution
		Debug|Any CPU = Debug|Any CPU
		Release|Any CPU = Release|Any CPU
	EndGlobalSection
	GlobalSection(ProjectConfigurationPlatforms) = postSolution
		{DEA647F8-3C22-4DFC-8781-752850EEB1B7}.Debug|Any CPU.ActiveCfg = Debug|Any CPU
		{DEA647F8-3C22-4DFC-8781-752850EEB1B7}.Debug|Any CPU.Build.0 = Debug|Any CPU
		{DEA647F8-3C22-4DFC-8781-752850EEB1B7}.Release|Any CPU.ActiveCfg = Release|Any CPU
		{DEA647F8-3C22-4DFC-8781-752850EEB1B7}.Release|Any CPU.Build.0 = Release|Any CPU
	EndGlobalSection
	GlobalSection(SolutionProperties) = preSolution
		HideSolutionNode = FALSE
	EndGlobalSection
	GlobalSection(ExtensibilityGlobals) = postSolution
		SolutionGuid = {C39813CF-68BE-4913-B63F-C04BBE398DD3}
	EndGlobalSection
EndGlobal
